
Microsoft Visual Studio Solution File, Format Version 12.00
# Visual Studio Version 16
VisualStudioVersion = 16.0.810.2
MinimumVisualStudioVersion = 10.0.40219.1
Project("{FAE04EC0-301F-11D3-BF4B-00C04F79EFBC}") = "FlexLib", "FlexLib\FlexLib.csproj", "{69FD8777-81B2-4987-B37F-51AF73D68B53}"
EndProject
Project("{FAE04EC0-301F-11D3-BF4B-00C04F79EFBC}") = "Util", "Util\Util.csproj", "{311EA1D9-FA2C-4E8D-A814-DCD27324B0B5}"
EndProject
Project("{FAE04EC0-301F-11D3-BF4B-00C04F79EFBC}") = "UiWpfFramework", "UiWpfFramework\UiWpfFramework.csproj", "{BA4D0209-2678-4874-AF8A-FCADAC42215F}"
EndProject
Project("{FAE04EC0-301F-11D3-BF4B-00C04F79EFBC}") = "Vita", "Vita\Vita.csproj", "{AE251DB6-A027-4083-B11F-E87170A1E9CB}"
EndProject
Global
	GlobalSection(SolutionConfigurationPlatforms) = preSolution
		Debug|Any CPU = Debug|Any CPU
		Release|Any CPU = Release|Any CPU
	EndGlobalSection
	GlobalSection(ProjectConfigurationPlatforms) = postSolution
		{69FD8777-81B2-4987-B37F-51AF73D68B53}.Debug|Any CPU.ActiveCfg = Debug|Any CPU
		{69FD8777-81B2-4987-B37F-51AF73D68B53}.Debug|Any CPU.Build.0 = Debug|Any CPU
		{69FD8777-81B2-4987-B37F-51AF73D68B53}.Release|Any CPU.ActiveCfg = Release|Any CPU
		{69FD8777-81B2-4987-B37F-51AF73D68B53}.Release|Any CPU.Build.0 = Release|Any CPU
		{311EA1D9-FA2C-4E8D-A814-DCD27324B0B5}.Debug|Any CPU.ActiveCfg = Debug|Any CPU
		{311EA1D9-FA2C-4E8D-A814-DCD27324B0B5}.Debug|Any CPU.Build.0 = Debug|Any CPU
		{311EA1D9-FA2C-4E8D-A814-DCD27324B0B5}.Release|Any CPU.ActiveCfg = Release|Any CPU
		{311EA1D9-FA2C-4E8D-A814-DCD27324B0B5}.Release|Any CPU.Build.0 = Release|Any CPU
		{BA4D0209-2678-4874-AF8A-FCADAC42215F}.Debug|Any CPU.ActiveCfg = Debug|Any CPU
		{BA4D0209-2678-4874-AF8A-FCADAC42215F}.Debug|Any CPU.Build.0 = Debug|Any CPU
		{BA4D0209-2678-4874-AF8A-FCADAC42215F}.Release|Any CPU.ActiveCfg = Release|Any CPU
		{BA4D0209-2678-4874-AF8A-FCADAC42215F}.Release|Any CPU.Build.0 = Release|Any CPU
		{AE251DB6-A027-4083-B11F-E87170A1E9CB}.Debug|Any CPU.ActiveCfg = Debug|Any CPU
		{AE251DB6-A027-4083-B11F-E87170A1E9CB}.Debug|Any CPU.Build.0 = Debug|Any CPU
		{AE251DB6-A027-4083-B11F-E87170A1E9CB}.Release|Any CPU.ActiveCfg = Release|Any CPU
		{AE251DB6-A027-4083-B11F-E87170A1E9CB}.Release|Any CPU.Build.0 = Release|Any CPU
	EndGlobalSection
	GlobalSection(SolutionProperties) = preSolution
		HideSolutionNode = FALSE
	EndGlobalSection
	GlobalSection(ExtensibilityGlobals) = postSolution
		SolutionGuid = {CCECC152-C2B8-4F39-9F41-4C6EF0733FCC}
	EndGlobalSection
	GlobalSection(MonoDevelopProperties) = preSolution
		Policies = $0
		$0.DotNetNamingPolicy = $1
		$1.DirectoryNamespaceAssociation = PrefixedHierarchical
		$0.VersionControlPolicy = $2
	EndGlobalSection
EndGlobal
